{
  "name": "tracerybot",
  "version": "0.0.0",
  "lockfileVersion": 1,
  "requires": true,
  "dependencies": {
    "oauth": {
      "version": "0.9.9",
      "resolved": "https://registry.npmjs.org/oauth/-/oauth-0.9.9.tgz",
      "integrity": "sha1-7/EAAWHbZBrgyCbZl4mV83xG6Gk="
    },
    "tracery-grammar": {
      "version": "2.7.3",
      "resolved": "https://registry.npmjs.org/tracery-grammar/-/tracery-grammar-2.7.3.tgz",
      "integrity": "sha1-Rj4F8Bf7aJHeS66n1GQZm2l6y+o="
    },
    "twit": {
      "version": "1.1.20",
      "resolved": "https://registry.npmjs.org/twit/-/twit-1.1.20.tgz",
      "integrity": "sha1-Fw5n0Bh5hILK8pmN1Mb48py1SGE=",
      "requires": {
        "oauth": "0.9.9"
      }
    }
  }
}
